
Microsoft Visual Studio Solution File, Format Version 12.00
# Visual Studio 2013
VisualStudioVersion = 12.0.40629.0
MinimumVisualStudioVersion = 10.0.40219.1
Project("{FAE04EC0-301F-11D3-BF4B-00C04F79EFBC}") = "mvc5_first", "mvc5_first\mvc5_first.csproj", "{5A6ED889-ABFC-40C8-A67A-B3F37FE8A634}"
	ProjectSection(ProjectDependencies) = postProject
		{EE9CD700-62B4-43DC-9D46-EBC2ACA96C76} = {EE9CD700-62B4-43DC-9D46-EBC2ACA96C76}
		{BC4DEA4D-C43F-4FFE-87D3-673ABB73E307} = {BC4DEA4D-C43F-4FFE-87D3-673ABB73E307}
		{E6145E57-87AD-465B-8CC7-8DF1AF6F8E5D} = {E6145E57-87AD-465B-8CC7-8DF1AF6F8E5D}
	EndProjectSection
EndProject
Project("{2150E333-8FDC-42A3-9474-1A3956D46DE8}") = "View And Controller", "View And Controller", "{5375C0BC-BBD9-4EDA-9EFC-D43C65DD7532}"
EndProject
Project("{2150E333-8FDC-42A3-9474-1A3956D46DE8}") = "Model", "Model", "{0E2BBE3D-8B70-4D96-9989-5BFFF72DAE0B}"
EndProject
Project("{2150E333-8FDC-42A3-9474-1A3956D46DE8}") = "ViewModel", "ViewModel", "{52EF6CB1-77E7-4064-9E25-3BFBD6B9B8C3}"
EndProject
Project("{2150E333-8FDC-42A3-9474-1A3956D46DE8}") = "Data Access Layer", "Data Access Layer", "{5A1B2F7B-5DEB-4523-A0CE-23B56FE1D1B0}"
EndProject
Project("{FAE04EC0-301F-11D3-BF4B-00C04F79EFBC}") = "DataAccessLayer", "DataAccessLayer\DataAccessLayer.csproj", "{DE92808C-8D55-481D-8CC3-CC9F5825D52E}"
	ProjectSection(ProjectDependencies) = postProject
		{EE9CD700-62B4-43DC-9D46-EBC2ACA96C76} = {EE9CD700-62B4-43DC-9D46-EBC2ACA96C76}
	EndProjectSection
EndProject
Project("{FAE04EC0-301F-11D3-BF4B-00C04F79EFBC}") = "BusinessLayer", "BusinessLayer\BusinessLayer.csproj", "{E6145E57-87AD-465B-8CC7-8DF1AF6F8E5D}"
	ProjectSection(ProjectDependencies) = postProject
		{EE9CD700-62B4-43DC-9D46-EBC2ACA96C76} = {EE9CD700-62B4-43DC-9D46-EBC2ACA96C76}
		{DE92808C-8D55-481D-8CC3-CC9F5825D52E} = {DE92808C-8D55-481D-8CC3-CC9F5825D52E}
	EndProjectSection
EndProject
Project("{FAE04EC0-301F-11D3-BF4B-00C04F79EFBC}") = "BusinessEntities", "BusinessEntities\BusinessEntities.csproj", "{EE9CD700-62B4-43DC-9D46-EBC2ACA96C76}"
EndProject
Project("{FAE04EC0-301F-11D3-BF4B-00C04F79EFBC}") = "ViewModel", "ViewModel\ViewModel.csproj", "{BC4DEA4D-C43F-4FFE-87D3-673ABB73E307}"
EndProject
Global
	GlobalSection(SolutionConfigurationPlatforms) = preSolution
		Debug|Any CPU = Debug|Any CPU
		Release|Any CPU = Release|Any CPU
	EndGlobalSection
	GlobalSection(ProjectConfigurationPlatforms) = postSolution
		{5A6ED889-ABFC-40C8-A67A-B3F37FE8A634}.Debug|Any CPU.ActiveCfg = Debug|Any CPU
		{5A6ED889-ABFC-40C8-A67A-B3F37FE8A634}.Debug|Any CPU.Build.0 = Debug|Any CPU
		{5A6ED889-ABFC-40C8-A67A-B3F37FE8A634}.Release|Any CPU.ActiveCfg = Release|Any CPU
		{5A6ED889-ABFC-40C8-A67A-B3F37FE8A634}.Release|Any CPU.Build.0 = Release|Any CPU
		{DE92808C-8D55-481D-8CC3-CC9F5825D52E}.Debug|Any CPU.ActiveCfg = Debug|Any CPU
		{DE92808C-8D55-481D-8CC3-CC9F5825D52E}.Debug|Any CPU.Build.0 = Debug|Any CPU
		{DE92808C-8D55-481D-8CC3-CC9F5825D52E}.Release|Any CPU.ActiveCfg = Release|Any CPU
		{DE92808C-8D55-481D-8CC3-CC9F5825D52E}.Release|Any CPU.Build.0 = Release|Any CPU
		{E6145E57-87AD-465B-8CC7-8DF1AF6F8E5D}.Debug|Any CPU.ActiveCfg = Debug|Any CPU
		{E6145E57-87AD-465B-8CC7-8DF1AF6F8E5D}.Debug|Any CPU.Build.0 = Debug|Any CPU
		{E6145E57-87AD-465B-8CC7-8DF1AF6F8E5D}.Release|Any CPU.ActiveCfg = Release|Any CPU
		{E6145E57-87AD-465B-8CC7-8DF1AF6F8E5D}.Release|Any CPU.Build.0 = Release|Any CPU
		{EE9CD700-62B4-43DC-9D46-EBC2ACA96C76}.Debug|Any CPU.ActiveCfg = Debug|Any CPU
		{EE9CD700-62B4-43DC-9D46-EBC2ACA96C76}.Debug|Any CPU.Build.0 = Debug|Any CPU
		{EE9CD700-62B4-43DC-9D46-EBC2ACA96C76}.Release|Any CPU.ActiveCfg = Release|Any CPU
		{EE9CD700-62B4-43DC-9D46-EBC2ACA96C76}.Release|Any CPU.Build.0 = Release|Any CPU
		{BC4DEA4D-C43F-4FFE-87D3-673ABB73E307}.Debug|Any CPU.ActiveCfg = Debug|Any CPU
		{BC4DEA4D-C43F-4FFE-87D3-673ABB73E307}.Debug|Any CPU.Build.0 = Debug|Any CPU
		{BC4DEA4D-C43F-4FFE-87D3-673ABB73E307}.Release|Any CPU.ActiveCfg = Release|Any CPU
		{BC4DEA4D-C43F-4FFE-87D3-673ABB73E307}.Release|Any CPU.Build.0 = Release|Any CPU
	EndGlobalSection
	GlobalSection(SolutionProperties) = preSolution
		HideSolutionNode = FALSE
	EndGlobalSection
	GlobalSection(NestedProjects) = preSolution
		{5A6ED889-ABFC-40C8-A67A-B3F37FE8A634} = {5375C0BC-BBD9-4EDA-9EFC-D43C65DD7532}
		{DE92808C-8D55-481D-8CC3-CC9F5825D52E} = {5A1B2F7B-5DEB-4523-A0CE-23B56FE1D1B0}
		{E6145E57-87AD-465B-8CC7-8DF1AF6F8E5D} = {0E2BBE3D-8B70-4D96-9989-5BFFF72DAE0B}
		{EE9CD700-62B4-43DC-9D46-EBC2ACA96C76} = {0E2BBE3D-8B70-4D96-9989-5BFFF72DAE0B}
		{BC4DEA4D-C43F-4FFE-87D3-673ABB73E307} = {52EF6CB1-77E7-4064-9E25-3BFBD6B9B8C3}
	EndGlobalSection
EndGlobal
